
Microsoft Visual Studio Solution File, Format Version 12.00
# Visual Studio Version 16
VisualStudioVersion = 16.0.30907.101
MinimumVisualStudioVersion = 10.0.40219.1
Project("{FAE04EC0-301F-11D3-BF4B-00C04F79EFBC}") = "EmployeeServices", "EmployeeServices.csproj", "{DBBBDD6D-9430-49B8-BB57-AF6454ACBD67}"
EndProject
Global
	GlobalSection(SolutionConfigurationPlatforms) = preSolution
		Debug|Any CPU = Debug|Any CPU
		Release|Any CPU = Release|Any CPU
	EndGlobalSection
	GlobalSection(ProjectConfigurationPlatforms) = postSolution
		{DBBBDD6D-9430-49B8-BB57-AF6454ACBD67}.Debug|Any CPU.ActiveCfg = Debug|Any CPU
		{DBBBDD6D-9430-49B8-BB57-AF6454ACBD67}.Debug|Any CPU.Build.0 = Debug|Any CPU
		{DBBBDD6D-9430-49B8-BB57-AF6454ACBD67}.Release|Any CPU.ActiveCfg = Release|Any CPU
		{DBBBDD6D-9430-49B8-BB57-AF6454ACBD67}.Release|Any CPU.Build.0 = Release|Any CPU
	EndGlobalSection
	GlobalSection(SolutionProperties) = preSolution
		HideSolutionNode = FALSE
	EndGlobalSection
	GlobalSection(ExtensibilityGlobals) = postSolution
		SolutionGuid = {6AEF33F6-2FDA-4497-A7C3-271EC5B8D1D4}
	EndGlobalSection
EndGlobal
